
Microsoft Visual Studio Solution File, Format Version 12.00
# Visual Studio Version 17
VisualStudioVersion = 17.5.33424.131
MinimumVisualStudioVersion = 10.0.40219.1
Project("{FAE04EC0-301F-11D3-BF4B-00C04F79EFBC}") = "H1_TheFirm", "H1_TheFirm\H1_TheFirm.csproj", "{B4EAD24B-2EEC-45A4-86B3-925906469B12}"
EndProject
Global
	GlobalSection(SolutionConfigurationPlatforms) = preSolution
		Debug|Any CPU = Debug|Any CPU
		Release|Any CPU = Release|Any CPU
	EndGlobalSection
	GlobalSection(ProjectConfigurationPlatforms) = postSolution
		{B4EAD24B-2EEC-45A4-86B3-925906469B12}.Debug|Any CPU.ActiveCfg = Debug|Any CPU
		{B4EAD24B-2EEC-45A4-86B3-925906469B12}.Debug|Any CPU.Build.0 = Debug|Any CPU
		{B4EAD24B-2EEC-45A4-86B3-925906469B12}.Release|Any CPU.ActiveCfg = Release|Any CPU
		{B4EAD24B-2EEC-45A4-86B3-925906469B12}.Release|Any CPU.Build.0 = Release|Any CPU
	EndGlobalSection
	GlobalSection(SolutionProperties) = preSolution
		HideSolutionNode = FALSE
	EndGlobalSection
	GlobalSection(ExtensibilityGlobals) = postSolution
		SolutionGuid = {C4163B94-6C15-4094-A4D0-2DE84B4388AF}
	EndGlobalSection
EndGlobal
